# This file is automatically @generated by Cargo.
# It is not intended for manual editing.
version = 3

[[package]]
name = "application"
version = "0.1.0"

[[package]]
name = "pdk1"
version = "0.1.0"
dependencies = [
 "types",
]

[[package]]
name = "pdk2"
version = "0.1.0"
dependencies = [
 "types",
]

[[package]]
name = "types"
version = "0.1.0"
